
Microsoft Visual Studio Solution File, Format Version 12.00
# Visual Studio Version 16
VisualStudioVersion = 16.0.31205.134
MinimumVisualStudioVersion = 10.0.40219.1
Project("{9A19103F-16F7-4668-BE54-9A1E7A4F7556}") = "mop.BaseCalculator", "mop.BaseCalculator\mop.BaseCalculator.csproj", "{1F933BDC-4C8C-4DCF-BAF7-72E7776E4C03}"
EndProject
Project("{9A19103F-16F7-4668-BE54-9A1E7A4F7556}") = "mop.Calculator", "mop.Calculator\mop.Calculator.csproj", "{1F76EFFE-6D18-451F-B3E0-BD424979FB6D}"
EndProject
Project("{9A19103F-16F7-4668-BE54-9A1E7A4F7556}") = "mop.Calculator.Tests", "mop.Calculator.Tests\mop.Calculator.Tests.csproj", "{8C010ADF-CC24-4629-8EE7-9DD60F6AB950}"
EndProject
Global
	GlobalSection(SolutionConfigurationPlatforms) = preSolution
		Debug|Any CPU = Debug|Any CPU
		Release|Any CPU = Release|Any CPU
	EndGlobalSection
	GlobalSection(ProjectConfigurationPlatforms) = postSolution
		{1F933BDC-4C8C-4DCF-BAF7-72E7776E4C03}.Debug|Any CPU.ActiveCfg = Debug|Any CPU
		{1F933BDC-4C8C-4DCF-BAF7-72E7776E4C03}.Debug|Any CPU.Build.0 = Debug|Any CPU
		{1F933BDC-4C8C-4DCF-BAF7-72E7776E4C03}.Release|Any CPU.ActiveCfg = Release|Any CPU
		{1F933BDC-4C8C-4DCF-BAF7-72E7776E4C03}.Release|Any CPU.Build.0 = Release|Any CPU
		{1F76EFFE-6D18-451F-B3E0-BD424979FB6D}.Debug|Any CPU.ActiveCfg = Debug|Any CPU
		{1F76EFFE-6D18-451F-B3E0-BD424979FB6D}.Debug|Any CPU.Build.0 = Debug|Any CPU
		{1F76EFFE-6D18-451F-B3E0-BD424979FB6D}.Release|Any CPU.ActiveCfg = Release|Any CPU
		{1F76EFFE-6D18-451F-B3E0-BD424979FB6D}.Release|Any CPU.Build.0 = Release|Any CPU
		{8C010ADF-CC24-4629-8EE7-9DD60F6AB950}.Debug|Any CPU.ActiveCfg = Debug|Any CPU
		{8C010ADF-CC24-4629-8EE7-9DD60F6AB950}.Debug|Any CPU.Build.0 = Debug|Any CPU
		{8C010ADF-CC24-4629-8EE7-9DD60F6AB950}.Release|Any CPU.ActiveCfg = Release|Any CPU
		{8C010ADF-CC24-4629-8EE7-9DD60F6AB950}.Release|Any CPU.Build.0 = Release|Any CPU
	EndGlobalSection
	GlobalSection(SolutionProperties) = preSolution
		HideSolutionNode = FALSE
	EndGlobalSection
	GlobalSection(ExtensibilityGlobals) = postSolution
		SolutionGuid = {29E4F3DC-89F1-4C41-8C57-8F11B544B57F}
	EndGlobalSection
EndGlobal
